
Microsoft Visual Studio Solution File, Format Version 12.00
# Visual Studio Version 17
VisualStudioVersion = 17.2.32616.157
MinimumVisualStudioVersion = 10.0.40219.1
Project("{9A19103F-16F7-4668-BE54-9A1E7A4F7556}") = "SampleOnlineMall.AssortmentApi", "SampleOnlineMall.AssortmentApi\SampleOnlineMall.AssortmentApi.csproj", "{5484D303-BFEC-4DE4-87B1-67C0DC76210B}"
EndProject
Project("{9A19103F-16F7-4668-BE54-9A1E7A4F7556}") = "SampleOnlineMall.DataAccess", "SampleOnlineMall.DataAccess\SampleOnlineMall.DataAccess.csproj", "{294949CE-7807-4332-A572-D1BBD3491442}"
EndProject
Project("{9A19103F-16F7-4668-BE54-9A1E7A4F7556}") = "SampleOnlineMall.Core", "SampleOnlineMall.Core\SampleOnlineMall.Core.csproj", "{153482A9-11EA-4BC4-965E-6E8F8042160A}"
EndProject
Project("{9A19103F-16F7-4668-BE54-9A1E7A4F7556}") = "SampleOnlineMall.Service", "SampleOnlineMall.Service\SampleOnlineMall.Service.csproj", "{1B7BD8A4-6D67-413E-8063-21A65958A15C}"
EndProject
Global
	GlobalSection(SolutionConfigurationPlatforms) = preSolution
		Debug|Any CPU = Debug|Any CPU
		Release|Any CPU = Release|Any CPU
	EndGlobalSection
	GlobalSection(ProjectConfigurationPlatforms) = postSolution
		{5484D303-BFEC-4DE4-87B1-67C0DC76210B}.Debug|Any CPU.ActiveCfg = Debug|Any CPU
		{5484D303-BFEC-4DE4-87B1-67C0DC76210B}.Debug|Any CPU.Build.0 = Debug|Any CPU
		{5484D303-BFEC-4DE4-87B1-67C0DC76210B}.Release|Any CPU.ActiveCfg = Release|Any CPU
		{5484D303-BFEC-4DE4-87B1-67C0DC76210B}.Release|Any CPU.Build.0 = Release|Any CPU
		{294949CE-7807-4332-A572-D1BBD3491442}.Debug|Any CPU.ActiveCfg = Debug|Any CPU
		{294949CE-7807-4332-A572-D1BBD3491442}.Debug|Any CPU.Build.0 = Debug|Any CPU
		{294949CE-7807-4332-A572-D1BBD3491442}.Release|Any CPU.ActiveCfg = Release|Any CPU
		{294949CE-7807-4332-A572-D1BBD3491442}.Release|Any CPU.Build.0 = Release|Any CPU
		{153482A9-11EA-4BC4-965E-6E8F8042160A}.Debug|Any CPU.ActiveCfg = Debug|Any CPU
		{153482A9-11EA-4BC4-965E-6E8F8042160A}.Debug|Any CPU.Build.0 = Debug|Any CPU
		{153482A9-11EA-4BC4-965E-6E8F8042160A}.Release|Any CPU.ActiveCfg = Release|Any CPU
		{153482A9-11EA-4BC4-965E-6E8F8042160A}.Release|Any CPU.Build.0 = Release|Any CPU
		{1B7BD8A4-6D67-413E-8063-21A65958A15C}.Debug|Any CPU.ActiveCfg = Debug|Any CPU
		{1B7BD8A4-6D67-413E-8063-21A65958A15C}.Debug|Any CPU.Build.0 = Debug|Any CPU
		{1B7BD8A4-6D67-413E-8063-21A65958A15C}.Release|Any CPU.ActiveCfg = Release|Any CPU
		{1B7BD8A4-6D67-413E-8063-21A65958A15C}.Release|Any CPU.Build.0 = Release|Any CPU
	EndGlobalSection
	GlobalSection(SolutionProperties) = preSolution
		HideSolutionNode = FALSE
	EndGlobalSection
	GlobalSection(ExtensibilityGlobals) = postSolution
		SolutionGuid = {0C280E46-39B2-4D5B-977F-38B4085CD8ED}
	EndGlobalSection
EndGlobal
